
Microsoft Visual Studio Solution File, Format Version 12.00
# Visual Studio Version 16
VisualStudioVersion = 16.0.29728.190
MinimumVisualStudioVersion = 10.0.40219.1
Project("{FAE04EC0-301F-11D3-BF4B-00C04F79EFBC}") = "StrategyPattern", "StrategyPattern\StrategyPattern.csproj", "{BB27C7A2-7DD3-4107-95AD-2C7FBA8D753A}"
EndProject
Global
	GlobalSection(SolutionConfigurationPlatforms) = preSolution
		Debug|Any CPU = Debug|Any CPU
		Release|Any CPU = Release|Any CPU
	EndGlobalSection
	GlobalSection(ProjectConfigurationPlatforms) = postSolution
		{BB27C7A2-7DD3-4107-95AD-2C7FBA8D753A}.Debug|Any CPU.ActiveCfg = Debug|Any CPU
		{BB27C7A2-7DD3-4107-95AD-2C7FBA8D753A}.Debug|Any CPU.Build.0 = Debug|Any CPU
		{BB27C7A2-7DD3-4107-95AD-2C7FBA8D753A}.Release|Any CPU.ActiveCfg = Release|Any CPU
		{BB27C7A2-7DD3-4107-95AD-2C7FBA8D753A}.Release|Any CPU.Build.0 = Release|Any CPU
	EndGlobalSection
	GlobalSection(SolutionProperties) = preSolution
		HideSolutionNode = FALSE
	EndGlobalSection
	GlobalSection(ExtensibilityGlobals) = postSolution
		SolutionGuid = {BEA5F8ED-318E-4F2E-AA1D-A87606B200AF}
	EndGlobalSection
EndGlobal
